
Microsoft Visual Studio Solution File, Format Version 12.00
# Visual Studio 14
VisualStudioVersion = 14.0.25420.1
MinimumVisualStudioVersion = 10.0.40219.1
Project("{FAE04EC0-301F-11D3-BF4B-00C04F79EFBC}") = "StatelessSelfHost", "StatelessSelfHost\StatelessSelfHost.csproj", "{1F3BBC80-3C04-4E4E-9C88-DEDFBB35683C}"
EndProject
Project("{A07B5EB6-E848-4116-A8D0-A826331D98C6}") = "HelloServiceFabric", "HelloServiceFabric\HelloServiceFabric.sfproj", "{C1EE456A-7360-42C7-999B-B086090DD04C}"
EndProject
Global
	GlobalSection(SolutionConfigurationPlatforms) = preSolution
		Debug|x64 = Debug|x64
		Release|x64 = Release|x64
	EndGlobalSection
	GlobalSection(ProjectConfigurationPlatforms) = postSolution
		{1F3BBC80-3C04-4E4E-9C88-DEDFBB35683C}.Debug|x64.ActiveCfg = Debug|x64
		{1F3BBC80-3C04-4E4E-9C88-DEDFBB35683C}.Debug|x64.Build.0 = Debug|x64
		{1F3BBC80-3C04-4E4E-9C88-DEDFBB35683C}.Release|x64.ActiveCfg = Release|x64
		{1F3BBC80-3C04-4E4E-9C88-DEDFBB35683C}.Release|x64.Build.0 = Release|x64
		{C1EE456A-7360-42C7-999B-B086090DD04C}.Debug|x64.ActiveCfg = Debug|x64
		{C1EE456A-7360-42C7-999B-B086090DD04C}.Debug|x64.Build.0 = Debug|x64
		{C1EE456A-7360-42C7-999B-B086090DD04C}.Debug|x64.Deploy.0 = Debug|x64
		{C1EE456A-7360-42C7-999B-B086090DD04C}.Release|x64.ActiveCfg = Release|x64
		{C1EE456A-7360-42C7-999B-B086090DD04C}.Release|x64.Build.0 = Release|x64
		{C1EE456A-7360-42C7-999B-B086090DD04C}.Release|x64.Deploy.0 = Release|x64
	EndGlobalSection
	GlobalSection(SolutionProperties) = preSolution
		HideSolutionNode = FALSE
	EndGlobalSection
EndGlobal
